
Microsoft Visual Studio Solution File, Format Version 12.00
# Visual Studio Version 17
VisualStudioVersion = 17.5.33414.496
MinimumVisualStudioVersion = 10.0.40219.1
Project("{FAE04EC0-301F-11D3-BF4B-00C04F79EFBC}") = "FileTransposer", "FileTransposer.csproj", "{1FC50B50-CE5A-437A-99B4-9684EBB8CD37}"
EndProject
Global
	GlobalSection(SolutionConfigurationPlatforms) = preSolution
		Debug|Any CPU = Debug|Any CPU
		Release|Any CPU = Release|Any CPU
	EndGlobalSection
	GlobalSection(ProjectConfigurationPlatforms) = postSolution
		{1FC50B50-CE5A-437A-99B4-9684EBB8CD37}.Debug|Any CPU.ActiveCfg = Debug|Any CPU
		{1FC50B50-CE5A-437A-99B4-9684EBB8CD37}.Debug|Any CPU.Build.0 = Debug|Any CPU
		{1FC50B50-CE5A-437A-99B4-9684EBB8CD37}.Release|Any CPU.ActiveCfg = Release|Any CPU
		{1FC50B50-CE5A-437A-99B4-9684EBB8CD37}.Release|Any CPU.Build.0 = Release|Any CPU
	EndGlobalSection
	GlobalSection(SolutionProperties) = preSolution
		HideSolutionNode = FALSE
	EndGlobalSection
	GlobalSection(ExtensibilityGlobals) = postSolution
		SolutionGuid = {E6026742-1C45-4E2B-93B2-4C12B198FA6C}
	EndGlobalSection
EndGlobal
